
Microsoft Visual Studio Solution File, Format Version 12.00
# Visual Studio Version 17
VisualStudioVersion = 17.0.31903.59
MinimumVisualStudioVersion = 10.0.40219.1
Project("{FAE04EC0-301F-11D3-BF4B-00C04F79EFBC}") = "foo", "foo\foo.csproj", "{B0395D46-CF2F-4B4D-B844-CDE15F99FBB6}"
EndProject
Global
	GlobalSection(SolutionConfigurationPlatforms) = preSolution
		Debug|Any CPU = Debug|Any CPU
		Release|Any CPU = Release|Any CPU
	EndGlobalSection
	GlobalSection(SolutionProperties) = preSolution
		HideSolutionNode = FALSE
	EndGlobalSection
	GlobalSection(ProjectConfigurationPlatforms) = postSolution
		{B0395D46-CF2F-4B4D-B844-CDE15F99FBB6}.Debug|Any CPU.ActiveCfg = Debug|Any CPU
		{B0395D46-CF2F-4B4D-B844-CDE15F99FBB6}.Debug|Any CPU.Build.0 = Debug|Any CPU
		{B0395D46-CF2F-4B4D-B844-CDE15F99FBB6}.Release|Any CPU.ActiveCfg = Release|Any CPU
		{B0395D46-CF2F-4B4D-B844-CDE15F99FBB6}.Release|Any CPU.Build.0 = Release|Any CPU
	EndGlobalSection
EndGlobal
